
Microsoft Visual Studio Solution File, Format Version 12.00
# Visual Studio Version 16
VisualStudioVersion = 16.0.30907.101
MinimumVisualStudioVersion = 10.0.40219.1
Project("{9A19103F-16F7-4668-BE54-9A1E7A4F7556}") = "Magazin", "Magazin\Magazin.csproj", "{2AECF1C4-159F-4B90-9C04-62C7D29EEF5B}"
EndProject
Global
	GlobalSection(SolutionConfigurationPlatforms) = preSolution
		Debug|Any CPU = Debug|Any CPU
		Release|Any CPU = Release|Any CPU
	EndGlobalSection
	GlobalSection(ProjectConfigurationPlatforms) = postSolution
		{2AECF1C4-159F-4B90-9C04-62C7D29EEF5B}.Debug|Any CPU.ActiveCfg = Debug|Any CPU
		{2AECF1C4-159F-4B90-9C04-62C7D29EEF5B}.Debug|Any CPU.Build.0 = Debug|Any CPU
		{2AECF1C4-159F-4B90-9C04-62C7D29EEF5B}.Release|Any CPU.ActiveCfg = Release|Any CPU
		{2AECF1C4-159F-4B90-9C04-62C7D29EEF5B}.Release|Any CPU.Build.0 = Release|Any CPU
	EndGlobalSection
	GlobalSection(SolutionProperties) = preSolution
		HideSolutionNode = FALSE
	EndGlobalSection
	GlobalSection(ExtensibilityGlobals) = postSolution
		SolutionGuid = {2EBB930E-AC91-4C87-985B-C5FFC6F410C5}
	EndGlobalSection
EndGlobal
